
Microsoft Visual Studio Solution File, Format Version 12.00
# Visual Studio Version 17
VisualStudioVersion = 17.4.33122.133
MinimumVisualStudioVersion = 10.0.40219.1
Project("{9A19103F-16F7-4668-BE54-9A1E7A4F7556}") = "BlazorDaisyUI", "BlazorDaisyUI\BlazorDaisyUI.csproj", "{94081F66-529D-4213-9390-DCCDA12DBEC1}"
EndProject
Project("{9A19103F-16F7-4668-BE54-9A1E7A4F7556}") = "BlazorDaisyUI.Dialog", "BlazorDaisyUI.Dialog\BlazorDaisyUI.Dialog.csproj", "{A4168D4B-46D5-4FBF-AD9F-F5684751F105}"
EndProject
Project("{9A19103F-16F7-4668-BE54-9A1E7A4F7556}") = "DaisyUIPlayground", "DaisyUIPlayground\DaisyUIPlayground.csproj", "{ED54FA24-EA51-476A-BCC1-1C47A547497C}"
EndProject
Global
	GlobalSection(SolutionConfigurationPlatforms) = preSolution
		Debug|Any CPU = Debug|Any CPU
		Release|Any CPU = Release|Any CPU
	EndGlobalSection
	GlobalSection(ProjectConfigurationPlatforms) = postSolution
		{94081F66-529D-4213-9390-DCCDA12DBEC1}.Debug|Any CPU.ActiveCfg = Debug|Any CPU
		{94081F66-529D-4213-9390-DCCDA12DBEC1}.Debug|Any CPU.Build.0 = Debug|Any CPU
		{94081F66-529D-4213-9390-DCCDA12DBEC1}.Release|Any CPU.ActiveCfg = Release|Any CPU
		{94081F66-529D-4213-9390-DCCDA12DBEC1}.Release|Any CPU.Build.0 = Release|Any CPU
		{A4168D4B-46D5-4FBF-AD9F-F5684751F105}.Debug|Any CPU.ActiveCfg = Debug|Any CPU
		{A4168D4B-46D5-4FBF-AD9F-F5684751F105}.Debug|Any CPU.Build.0 = Debug|Any CPU
		{A4168D4B-46D5-4FBF-AD9F-F5684751F105}.Release|Any CPU.ActiveCfg = Release|Any CPU
		{A4168D4B-46D5-4FBF-AD9F-F5684751F105}.Release|Any CPU.Build.0 = Release|Any CPU
		{ED54FA24-EA51-476A-BCC1-1C47A547497C}.Debug|Any CPU.ActiveCfg = Debug|Any CPU
		{ED54FA24-EA51-476A-BCC1-1C47A547497C}.Debug|Any CPU.Build.0 = Debug|Any CPU
		{ED54FA24-EA51-476A-BCC1-1C47A547497C}.Release|Any CPU.ActiveCfg = Release|Any CPU
		{ED54FA24-EA51-476A-BCC1-1C47A547497C}.Release|Any CPU.Build.0 = Release|Any CPU
	EndGlobalSection
	GlobalSection(SolutionProperties) = preSolution
		HideSolutionNode = FALSE
	EndGlobalSection
	GlobalSection(ExtensibilityGlobals) = postSolution
		SolutionGuid = {F9CC585C-A317-4FDF-B306-BF37EF24D7C3}
	EndGlobalSection
EndGlobal
